<?xml version="1.0" encoding="utf-8"?>
<Project ToolsVersion="4.0" xmlns="http://schemas.microsoft.com/developer/msbuild/2003">
  <ItemGroup>
    <ClCompile Include="src\CMessageCredential.cpp">
      <Filter>Source Code</Filter>
    </ClCompile>
    <ClCompile Include="src\CUnlockCredential.cpp">
      <Filter>Source Code</Filter>
    </ClCompile>
    <ClCompile Include="src\CSampleProvider.cpp">
      <Filter>Source Code</Filter>
    </ClCompile>
    <ClCompile Include="src\CUnlockListener.cpp">
      <Filter>Source Code</Filter>
    </ClCompile>
    <ClCompile Include="src\Dll.cpp">
      <Filter>Source Code</Filter>
    </ClCompile>
    <ClCompile Include="src\guid.cpp">
      <Filter>Source Code</Filter>
    </ClCompile>
    <ClCompile Include="src\helpers.cpp">
      <Filter>Source Code</Filter>
    </ClCompile>
    <ClCompile Include="..\..\common-cpp\api\api.cpp">
      <Filter>common-cpp</Filter>
    </ClCompile>
    <ClCompile Include="..\..\common-cpp\api\bt_api.cpp">
      <Filter>common-cpp</Filter>
    </ClCompile>
    <ClCompile Include="..\..\common-cpp\FCMUtils.cpp">
      <Filter>common-cpp</Filter>
    </ClCompile>
    <ClCompile Include="..\..\common-cpp\servers\tcp\UnlockServer.cpp">
      <Filter>common-cpp</Filter>
    </ClCompile>
    <ClCompile Include="..\..\common-cpp\clients\BTUnlockClient.cpp">
      <Filter>common-cpp</Filter>
    </ClCompile>
    <ClCompile Include="..\..\common-cpp\clients\TCPUnlockClient.cpp">
      <Filter>common-cpp</Filter>
    </ClCompile>
    <ClCompile Include="..\..\common-cpp\handler\KeyScanner.cpp">
      <Filter>common-cpp</Filter>
    </ClCompile>
    <ClCompile Include="..\..\common-cpp\handler\UnlockHandler.cpp">
      <Filter>common-cpp</Filter>
    </ClCompile>
    <ClCompile Include="..\..\common-cpp\I18n.cpp">
      <Filter>common-cpp</Filter>
    </ClCompile>
  </ItemGroup>
  <ItemGroup>
    <ClInclude Include="src\CMessageCredential.h">
      <Filter>Headers</Filter>
    </ClInclude>
    <ClInclude Include="src\common.h">
      <Filter>Headers</Filter>
    </ClInclude>
    <ClInclude Include="src\CUnlockCredential.h">
      <Filter>Headers</Filter>
    </ClInclude>
    <ClInclude Include="src\CSampleProvider.h">
      <Filter>Headers</Filter>
    </ClInclude>
    <ClInclude Include="src\CUnlockListener.h">
      <Filter>Headers</Filter>
    </ClInclude>
    <ClInclude Include="src\Dll.h">
      <Filter>Headers</Filter>
    </ClInclude>
    <ClInclude Include="src\guid.h">
      <Filter>Headers</Filter>
    </ClInclude>
    <ClInclude Include="src\helpers.h">
      <Filter>Headers</Filter>
    </ClInclude>
    <ClInclude Include="src\resource.h">
      <Filter>Headers</Filter>
    </ClInclude>
    <ClInclude Include="src\WinUtils.h">
      <Filter>Headers</Filter>
    </ClInclude>
    <ClInclude Include="..\..\common-cpp\servers\tcp\UnlockServer.h">
      <Filter>common-cpp</Filter>
    </ClInclude>
    <ClInclude Include="..\..\common-cpp\clients\BTUnlockClient.h">
      <Filter>common-cpp</Filter>
    </ClInclude>
    <ClInclude Include="..\..\common-cpp\clients\TCPUnlockClient.h">
      <Filter>common-cpp</Filter>
    </ClInclude>
    <ClInclude Include="..\..\common-cpp\handler\KeyScanner.h">
      <Filter>common-cpp</Filter>
    </ClInclude>
    <ClInclude Include="..\..\common-cpp\handler\UnlockHandler.h">
      <Filter>common-cpp</Filter>
    </ClInclude>
    <ClInclude Include="..\..\common-cpp\servers\BaseUnlockServer.h">
      <Filter>common-cpp</Filter>
    </ClInclude>
    <ClInclude Include="..\..\common-cpp\handler\PairedDevice.h">
      <Filter>common-cpp</Filter>
    </ClInclude>
    <ClInclude Include="..\..\common-cpp\AppStorage.h">
      <Filter>common-cpp</Filter>
    </ClInclude>
    <ClInclude Include="..\..\common-cpp\I18n.h">
      <Filter>common-cpp</Filter>
    </ClInclude>
    <ClInclude Include="..\..\common-cpp\Logger.h">
      <Filter>common-cpp</Filter>
    </ClInclude>
    <ClInclude Include="..\..\common-cpp\utils\CryptUtils.h">
      <Filter>common-cpp</Filter>
    </ClInclude>
    <ClInclude Include="..\..\common-cpp\api\bt_api.h">
      <Filter>common-cpp</Filter>
    </ClInclude>
    <ClInclude Include="resource.h" />
    <ClInclude Include="..\..\common-cpp\utils\Utils.h">
      <Filter>common-cpp</Filter>
    </ClInclude>
  </ItemGroup>
  <ItemGroup>
    <ResourceCompile Include="resources.rc" />
  </ItemGroup>
  <ItemGroup>
    <Image Include="tileimage.bmp" />
  </ItemGroup>
  <ItemGroup>
    <None Include="register.reg" />
    <None Include="win-pcbiounlock.def" />
    <None Include="Unregister.reg" />
  </ItemGroup>
  <ItemGroup>
    <Text Include="readme.txt" />
  </ItemGroup>
  <ItemGroup>
    <Filter Include="Headers">
      <UniqueIdentifier>{e69d8c8b-8609-4368-81a7-c54790d05196}</UniqueIdentifier>
    </Filter>
    <Filter Include="common-cpp">
      <UniqueIdentifier>{1a23e9b0-a74d-4e82-b508-990de87647e1}</UniqueIdentifier>
    </Filter>
    <Filter Include="Source Code">
      <UniqueIdentifier>{ef094752-789c-44f1-9f84-5ee4e5eac2b2}</UniqueIdentifier>
    </Filter>
  </ItemGroup>
</Project>